
Microsoft Visual Studio Solution File, Format Version 12.00
# Visual Studio Version 17
VisualStudioVersion = 17.4.33122.133
MinimumVisualStudioVersion = 10.0.40219.1
Project("{FAE04EC0-301F-11D3-BF4B-00C04F79EFBC}") = "ModernDesign", "ModernDesign\ModernDesign.csproj", "{B85629CB-FCB5-48D6-AEF8-A9B557BCBD46}"
EndProject
Global
	GlobalSection(SolutionConfigurationPlatforms) = preSolution
		Debug|Any CPU = Debug|Any CPU
		Release|Any CPU = Release|Any CPU
	EndGlobalSection
	GlobalSection(ProjectConfigurationPlatforms) = postSolution
		{B85629CB-FCB5-48D6-AEF8-A9B557BCBD46}.Debug|Any CPU.ActiveCfg = Debug|Any CPU
		{B85629CB-FCB5-48D6-AEF8-A9B557BCBD46}.Debug|Any CPU.Build.0 = Debug|Any CPU
		{B85629CB-FCB5-48D6-AEF8-A9B557BCBD46}.Release|Any CPU.ActiveCfg = Release|Any CPU
		{B85629CB-FCB5-48D6-AEF8-A9B557BCBD46}.Release|Any CPU.Build.0 = Release|Any CPU
	EndGlobalSection
	GlobalSection(SolutionProperties) = preSolution
		HideSolutionNode = FALSE
	EndGlobalSection
	GlobalSection(ExtensibilityGlobals) = postSolution
		SolutionGuid = {AD7D0E96-7426-4593-B0DF-AB0843B5CF0A}
	EndGlobalSection
EndGlobal
